{
    "_readme": [
        "This file locks the dependencies of your project to a known state",
        "Read more about it at http://getcomposer.org/doc/01-basic-usage.md#composer-lock-the-lock-file",
        "This file is @generated automatically"
    ],
    "hash": "c807e29b5885fde62680ccacabc5a04b",
    "packages": [
        {
            "name": "aura/autoload",
            "version": "dev-develop-2",
            "source": {
                "type": "git",
                "url": "https://github.com/auraphp/Aura.Autoload.git",
                "reference": "30687e2d3d3ef033949a2f96c4c5c97dca52dd6e"
            },
            "dist": {
                "type": "zip",
                "url": "https://api.github.com/repos/auraphp/Aura.Autoload/zipball/30687e2d3d3ef033949a2f96c4c5c97dca52dd6e",
                "reference": "30687e2d3d3ef033949a2f96c4c5c97dca52dd6e",
                "shasum": ""
            },
            "require": {
                "php": ">=5.3.0"
            },
            "type": "library",
            "extra": {
                "aura": {
                    "type": "library"
                },
                "branch-alias": {
                    "dev-develop-2": "2.0.x-dev"
                }
            },
            "autoload": {
                "psr-4": {
                    "Aura\\Autoload\\": "src/"
                }
            },
            "notification-url": "https://packagist.org/downloads/",
            "license": [
                "BSD-2-Clause"
            ],
            "authors": [
                {
                    "name": "Aura.Autoload Contributors",
                    "homepage": "https://github.com/auraphp/Aura.Autoload/contributors"
                }
            ],
            "description": "Provides a PSR-4 compliant autoloader implementation.",
            "homepage": "https://github.com/auraphp/Aura.Autoload/releases",
            "keywords": [
                "PSR-4",
                "SPL autoloader",
                "autoload",
                "autoloader",
                "class loader"
            ],
            "time": "2014-09-05 16:07:13"
        },
        {
            "name": "aura/cli",
            "version": "dev-develop-2",
            "source": {
                "type": "git",
                "url": "https://github.com/auraphp/Aura.Cli.git",
                "reference": "80e97a2aa6a47653e72cf468e1947ce76a5ffa7a"
            },
            "dist": {
                "type": "zip",
                "url": "https://api.github.com/repos/auraphp/Aura.Cli/zipball/80e97a2aa6a47653e72cf468e1947ce76a5ffa7a",
                "reference": "80e97a2aa6a47653e72cf468e1947ce76a5ffa7a",
                "shasum": ""
            },
            "require": {
                "php": ">=5.3.0"
            },
            "type": "library",
            "extra": {
                "aura": {
                    "type": "library",
                    "config": {
                        "common": "Aura\\Cli\\_Config\\Common"
                    }
                },
                "branch-alias": {
                    "dev-develop-2": "2.0.x-dev"
                }
            },
            "autoload": {
                "psr-4": {
                    "Aura\\Cli\\": "src/",
                    "Aura\\Cli\\_Config\\": "config/"
                }
            },
            "notification-url": "https://packagist.org/downloads/",
            "license": [
                "BSD-2-Clause"
            ],
            "authors": [
                {
                    "name": "Aura.Cli Contributors",
                    "homepage": "https://github.com/auraphp/Aura.Cli/contributors"
                }
            ],
            "description": "Provides the equivalent of request (Context) and response (Stdio) classes for a command line environment, including Getopt support.",
            "homepage": "https://github.com/auraphp/Aura.Cli",
            "keywords": [
                "cli",
                "command",
                "command line",
                "getopt",
                "options",
                "stdio"
            ],
            "time": "2014-09-05 16:10:32"
        }
    ],
    "packages-dev": [

    ],
    "aliases": [

    ],
    "minimum-stability": "stable",
    "stability-flags": {
        "aura/autoload": 20,
        "aura/cli": 20
    },
    "prefer-stable": false,
    "platform": [

    ],
    "platform-dev": [

    ]
}
